
Microsoft Visual Studio Solution File, Format Version 12.00
# Visual Studio Version 17
VisualStudioVersion = 17.2.32516.85
MinimumVisualStudioVersion = 10.0.40219.1
Project("{FAE04EC0-301F-11D3-BF4B-00C04F79EFBC}") = "Naloga01", "Vaje5\Naloga01.csproj", "{8A0E724B-6B2B-4A5B-87D4-597B31523D2D}"
EndProject
Project("{FAE04EC0-301F-11D3-BF4B-00C04F79EFBC}") = "Naloga03", "Naloga03\Naloga03.csproj", "{1AD5B4D4-4657-4DDD-8DF5-1701173ADAB4}"
EndProject
Project("{FAE04EC0-301F-11D3-BF4B-00C04F79EFBC}") = "Naloga05", "Naloga05\Naloga05.csproj", "{35F66EA7-0EAB-40B2-8061-17F61ABA8774}"
EndProject
Project("{FAE04EC0-301F-11D3-BF4B-00C04F79EFBC}") = "Naloga06", "Naloga06\Naloga06.csproj", "{A7A1916A-A7AC-4FC3-823A-AC2C9AD329BC}"
EndProject
Project("{FAE04EC0-301F-11D3-BF4B-00C04F79EFBC}") = "Naloga08", "Naloga08\Naloga08.csproj", "{7FC6E9BC-1705-4EF9-8063-FBF9404BAB46}"
EndProject
Project("{FAE04EC0-301F-11D3-BF4B-00C04F79EFBC}") = "izpit1a", "test\izpit1a.csproj", "{2774B594-0FE5-4C0A-BBEF-7BA16F920077}"
EndProject
Project("{FAE04EC0-301F-11D3-BF4B-00C04F79EFBC}") = "izpit2a", "izpit2a\izpit2a.csproj", "{A351052E-8FA6-47A8-BDC0-BEE5275E120B}"
EndProject
Project("{FAE04EC0-301F-11D3-BF4B-00C04F79EFBC}") = "izpit3a", "izpit3a\izpit3a.csproj", "{F2E07547-2F87-4644-8064-59A0DD451394}"
EndProject
Project("{FAE04EC0-301F-11D3-BF4B-00C04F79EFBC}") = "Vaje001", "Vaje001\Vaje001.csproj", "{494F3C00-42AE-4426-A18D-B6941F696A2C}"
EndProject
Project("{FAE04EC0-301F-11D3-BF4B-00C04F79EFBC}") = "Vaje002", "Vaje002\Vaje002.csproj", "{26E8F729-1683-4873-856E-2D3572B27202}"
EndProject
Project("{FAE04EC0-301F-11D3-BF4B-00C04F79EFBC}") = "Datoteka1", "Datoteka1\Datoteka1.csproj", "{10D4BC88-01D2-4BFA-9857-BB5683A12173}"
EndProject
Project("{FAE04EC0-301F-11D3-BF4B-00C04F79EFBC}") = "Datoteka2", "Datoteka2\Datoteka2.csproj", "{9706C146-FDDC-48F6-9C1D-1E61064DE6AF}"
EndProject
Project("{FAE04EC0-301F-11D3-BF4B-00C04F79EFBC}") = "Datoteka3", "Datoteka3\Datoteka3.csproj", "{3575993D-141C-4056-814E-D575958BF987}"
EndProject
Project("{FAE04EC0-301F-11D3-BF4B-00C04F79EFBC}") = "Imenik", "Imenik\Imenik.csproj", "{70836AAA-861F-43C6-BAFC-5E594A8BF564}"
EndProject
Project("{FAE04EC0-301F-11D3-BF4B-00C04F79EFBC}") = "izpit4a", "izpit4a\izpit4a.csproj", "{BC0B6D4E-7A08-4724-B00C-4FBD9CFB2E29}"
EndProject
Project("{FAE04EC0-301F-11D3-BF4B-00C04F79EFBC}") = "izpit1b", "izpit1b\izpit1b.csproj", "{16A556EB-527A-4687-9D66-533EAA0BE78E}"
EndProject
Project("{FAE04EC0-301F-11D3-BF4B-00C04F79EFBC}") = "izpit2b", "izpit2b\izpit2b.csproj", "{F179BD55-DA9E-430D-B280-0ADC6045612F}"
EndProject
Project("{FAE04EC0-301F-11D3-BF4B-00C04F79EFBC}") = "izpit3b", "izpit3b\izpit3b.csproj", "{06D89EDC-FF46-4774-8F37-638752C74127}"
EndProject
Project("{FAE04EC0-301F-11D3-BF4B-00C04F79EFBC}") = "izpit4b", "izpit4b\izpit4b.csproj", "{9BB12252-889D-4F54-B835-113A065FA5B0}"
EndProject
Project("{FAE04EC0-301F-11D3-BF4B-00C04F79EFBC}") = "DomacaNaloga1", "DomacaNaloga1\DomacaNaloga1.csproj", "{AF19BE41-9F1F-4433-AAF6-6D3FEE81C13F}"
EndProject
Project("{FAE04EC0-301F-11D3-BF4B-00C04F79EFBC}") = "DomacaNaloga2", "DomacaNaloga2\DomacaNaloga2.csproj", "{247FEF43-A364-4C0C-928F-BD85639F86D1}"
EndProject
Global
	GlobalSection(SolutionConfigurationPlatforms) = preSolution
		Debug|Any CPU = Debug|Any CPU
		Release|Any CPU = Release|Any CPU
	EndGlobalSection
	GlobalSection(ProjectConfigurationPlatforms) = postSolution
		{8A0E724B-6B2B-4A5B-87D4-597B31523D2D}.Debug|Any CPU.ActiveCfg = Debug|Any CPU
		{8A0E724B-6B2B-4A5B-87D4-597B31523D2D}.Debug|Any CPU.Build.0 = Debug|Any CPU
		{8A0E724B-6B2B-4A5B-87D4-597B31523D2D}.Release|Any CPU.ActiveCfg = Release|Any CPU
		{8A0E724B-6B2B-4A5B-87D4-597B31523D2D}.Release|Any CPU.Build.0 = Release|Any CPU
		{1AD5B4D4-4657-4DDD-8DF5-1701173ADAB4}.Debug|Any CPU.ActiveCfg = Debug|Any CPU
		{1AD5B4D4-4657-4DDD-8DF5-1701173ADAB4}.Debug|Any CPU.Build.0 = Debug|Any CPU
		{1AD5B4D4-4657-4DDD-8DF5-1701173ADAB4}.Release|Any CPU.ActiveCfg = Release|Any CPU
		{1AD5B4D4-4657-4DDD-8DF5-1701173ADAB4}.Release|Any CPU.Build.0 = Release|Any CPU
		{35F66EA7-0EAB-40B2-8061-17F61ABA8774}.Debug|Any CPU.ActiveCfg = Debug|Any CPU
		{35F66EA7-0EAB-40B2-8061-17F61ABA8774}.Debug|Any CPU.Build.0 = Debug|Any CPU
		{35F66EA7-0EAB-40B2-8061-17F61ABA8774}.Release|Any CPU.ActiveCfg = Release|Any CPU
		{35F66EA7-0EAB-40B2-8061-17F61ABA8774}.Release|Any CPU.Build.0 = Release|Any CPU
		{A7A1916A-A7AC-4FC3-823A-AC2C9AD329BC}.Debug|Any CPU.ActiveCfg = Debug|Any CPU
		{A7A1916A-A7AC-4FC3-823A-AC2C9AD329BC}.Debug|Any CPU.Build.0 = Debug|Any CPU
		{A7A1916A-A7AC-4FC3-823A-AC2C9AD329BC}.Release|Any CPU.ActiveCfg = Release|Any CPU
		{A7A1916A-A7AC-4FC3-823A-AC2C9AD329BC}.Release|Any CPU.Build.0 = Release|Any CPU
		{7FC6E9BC-1705-4EF9-8063-FBF9404BAB46}.Debug|Any CPU.ActiveCfg = Debug|Any CPU
		{7FC6E9BC-1705-4EF9-8063-FBF9404BAB46}.Debug|Any CPU.Build.0 = Debug|Any CPU
		{7FC6E9BC-1705-4EF9-8063-FBF9404BAB46}.Release|Any CPU.ActiveCfg = Release|Any CPU
		{7FC6E9BC-1705-4EF9-8063-FBF9404BAB46}.Release|Any CPU.Build.0 = Release|Any CPU
		{2774B594-0FE5-4C0A-BBEF-7BA16F920077}.Debug|Any CPU.ActiveCfg = Debug|Any CPU
		{2774B594-0FE5-4C0A-BBEF-7BA16F920077}.Debug|Any CPU.Build.0 = Debug|Any CPU
		{2774B594-0FE5-4C0A-BBEF-7BA16F920077}.Release|Any CPU.ActiveCfg = Release|Any CPU
		{2774B594-0FE5-4C0A-BBEF-7BA16F920077}.Release|Any CPU.Build.0 = Release|Any CPU
		{A351052E-8FA6-47A8-BDC0-BEE5275E120B}.Debug|Any CPU.ActiveCfg = Debug|Any CPU
		{A351052E-8FA6-47A8-BDC0-BEE5275E120B}.Debug|Any CPU.Build.0 = Debug|Any CPU
		{A351052E-8FA6-47A8-BDC0-BEE5275E120B}.Release|Any CPU.ActiveCfg = Release|Any CPU
		{A351052E-8FA6-47A8-BDC0-BEE5275E120B}.Release|Any CPU.Build.0 = Release|Any CPU
		{F2E07547-2F87-4644-8064-59A0DD451394}.Debug|Any CPU.ActiveCfg = Debug|Any CPU
		{F2E07547-2F87-4644-8064-59A0DD451394}.Debug|Any CPU.Build.0 = Debug|Any CPU
		{F2E07547-2F87-4644-8064-59A0DD451394}.Release|Any CPU.ActiveCfg = Release|Any CPU
		{F2E07547-2F87-4644-8064-59A0DD451394}.Release|Any CPU.Build.0 = Release|Any CPU
		{494F3C00-42AE-4426-A18D-B6941F696A2C}.Debug|Any CPU.ActiveCfg = Debug|Any CPU
		{494F3C00-42AE-4426-A18D-B6941F696A2C}.Debug|Any CPU.Build.0 = Debug|Any CPU
		{494F3C00-42AE-4426-A18D-B6941F696A2C}.Release|Any CPU.ActiveCfg = Release|Any CPU
		{494F3C00-42AE-4426-A18D-B6941F696A2C}.Release|Any CPU.Build.0 = Release|Any CPU
		{26E8F729-1683-4873-856E-2D3572B27202}.Debug|Any CPU.ActiveCfg = Debug|Any CPU
		{26E8F729-1683-4873-856E-2D3572B27202}.Debug|Any CPU.Build.0 = Debug|Any CPU
		{26E8F729-1683-4873-856E-2D3572B27202}.Release|Any CPU.ActiveCfg = Release|Any CPU
		{26E8F729-1683-4873-856E-2D3572B27202}.Release|Any CPU.Build.0 = Release|Any CPU
		{10D4BC88-01D2-4BFA-9857-BB5683A12173}.Debug|Any CPU.ActiveCfg = Debug|Any CPU
		{10D4BC88-01D2-4BFA-9857-BB5683A12173}.Debug|Any CPU.Build.0 = Debug|Any CPU
		{10D4BC88-01D2-4BFA-9857-BB5683A12173}.Release|Any CPU.ActiveCfg = Release|Any CPU
		{10D4BC88-01D2-4BFA-9857-BB5683A12173}.Release|Any CPU.Build.0 = Release|Any CPU
		{9706C146-FDDC-48F6-9C1D-1E61064DE6AF}.Debug|Any CPU.ActiveCfg = Debug|Any CPU
		{9706C146-FDDC-48F6-9C1D-1E61064DE6AF}.Debug|Any CPU.Build.0 = Debug|Any CPU
		{9706C146-FDDC-48F6-9C1D-1E61064DE6AF}.Release|Any CPU.ActiveCfg = Release|Any CPU
		{9706C146-FDDC-48F6-9C1D-1E61064DE6AF}.Release|Any CPU.Build.0 = Release|Any CPU
		{3575993D-141C-4056-814E-D575958BF987}.Debug|Any CPU.ActiveCfg = Debug|Any CPU
		{3575993D-141C-4056-814E-D575958BF987}.Debug|Any CPU.Build.0 = Debug|Any CPU
		{3575993D-141C-4056-814E-D575958BF987}.Release|Any CPU.ActiveCfg = Release|Any CPU
		{3575993D-141C-4056-814E-D575958BF987}.Release|Any CPU.Build.0 = Release|Any CPU
		{70836AAA-861F-43C6-BAFC-5E594A8BF564}.Debug|Any CPU.ActiveCfg = Debug|Any CPU
		{70836AAA-861F-43C6-BAFC-5E594A8BF564}.Debug|Any CPU.Build.0 = Debug|Any CPU
		{70836AAA-861F-43C6-BAFC-5E594A8BF564}.Release|Any CPU.ActiveCfg = Release|Any CPU
		{70836AAA-861F-43C6-BAFC-5E594A8BF564}.Release|Any CPU.Build.0 = Release|Any CPU
		{BC0B6D4E-7A08-4724-B00C-4FBD9CFB2E29}.Debug|Any CPU.ActiveCfg = Debug|Any CPU
		{BC0B6D4E-7A08-4724-B00C-4FBD9CFB2E29}.Debug|Any CPU.Build.0 = Debug|Any CPU
		{BC0B6D4E-7A08-4724-B00C-4FBD9CFB2E29}.Release|Any CPU.ActiveCfg = Release|Any CPU
		{BC0B6D4E-7A08-4724-B00C-4FBD9CFB2E29}.Release|Any CPU.Build.0 = Release|Any CPU
		{16A556EB-527A-4687-9D66-533EAA0BE78E}.Debug|Any CPU.ActiveCfg = Debug|Any CPU
		{16A556EB-527A-4687-9D66-533EAA0BE78E}.Debug|Any CPU.Build.0 = Debug|Any CPU
		{16A556EB-527A-4687-9D66-533EAA0BE78E}.Release|Any CPU.ActiveCfg = Release|Any CPU
		{16A556EB-527A-4687-9D66-533EAA0BE78E}.Release|Any CPU.Build.0 = Release|Any CPU
		{F179BD55-DA9E-430D-B280-0ADC6045612F}.Debug|Any CPU.ActiveCfg = Debug|Any CPU
		{F179BD55-DA9E-430D-B280-0ADC6045612F}.Debug|Any CPU.Build.0 = Debug|Any CPU
		{F179BD55-DA9E-430D-B280-0ADC6045612F}.Release|Any CPU.ActiveCfg = Release|Any CPU
		{F179BD55-DA9E-430D-B280-0ADC6045612F}.Release|Any CPU.Build.0 = Release|Any CPU
		{06D89EDC-FF46-4774-8F37-638752C74127}.Debug|Any CPU.ActiveCfg = Debug|Any CPU
		{06D89EDC-FF46-4774-8F37-638752C74127}.Debug|Any CPU.Build.0 = Debug|Any CPU
		{06D89EDC-FF46-4774-8F37-638752C74127}.Release|Any CPU.ActiveCfg = Release|Any CPU
		{06D89EDC-FF46-4774-8F37-638752C74127}.Release|Any CPU.Build.0 = Release|Any CPU
		{9BB12252-889D-4F54-B835-113A065FA5B0}.Debug|Any CPU.ActiveCfg = Debug|Any CPU
		{9BB12252-889D-4F54-B835-113A065FA5B0}.Debug|Any CPU.Build.0 = Debug|Any CPU
		{9BB12252-889D-4F54-B835-113A065FA5B0}.Release|Any CPU.ActiveCfg = Release|Any CPU
		{9BB12252-889D-4F54-B835-113A065FA5B0}.Release|Any CPU.Build.0 = Release|Any CPU
		{AF19BE41-9F1F-4433-AAF6-6D3FEE81C13F}.Debug|Any CPU.ActiveCfg = Debug|Any CPU
		{AF19BE41-9F1F-4433-AAF6-6D3FEE81C13F}.Debug|Any CPU.Build.0 = Debug|Any CPU
		{AF19BE41-9F1F-4433-AAF6-6D3FEE81C13F}.Release|Any CPU.ActiveCfg = Release|Any CPU
		{AF19BE41-9F1F-4433-AAF6-6D3FEE81C13F}.Release|Any CPU.Build.0 = Release|Any CPU
		{247FEF43-A364-4C0C-928F-BD85639F86D1}.Debug|Any CPU.ActiveCfg = Debug|Any CPU
		{247FEF43-A364-4C0C-928F-BD85639F86D1}.Debug|Any CPU.Build.0 = Debug|Any CPU
		{247FEF43-A364-4C0C-928F-BD85639F86D1}.Release|Any CPU.ActiveCfg = Release|Any CPU
		{247FEF43-A364-4C0C-928F-BD85639F86D1}.Release|Any CPU.Build.0 = Release|Any CPU
	EndGlobalSection
	GlobalSection(SolutionProperties) = preSolution
		HideSolutionNode = FALSE
	EndGlobalSection
	GlobalSection(ExtensibilityGlobals) = postSolution
		SolutionGuid = {16FD6941-2250-46D7-9C38-195C7AE117A4}
	EndGlobalSection
EndGlobal
